# This file was autogenerated by Stack.
# You should not edit this file by hand.
# For more information, please see the documentation at:
#   https://docs.haskellstack.org/en/stable/lock_files

packages:
- completed:
    hackage: ffmpeg-light-0.14.1@sha256:9af7881af149c79a3d0617b2f3ec089d78e7f817abe9b9175520e40e346e1073,5320
    pantry-tree:
      sha256: 2fe5e5555a597112b13596eb7b33776088f696b87c944f021f9adc2aaa8183b0
      size: 1557
  original:
    hackage: ffmpeg-light-0.14.1@sha256:9af7881af149c79a3d0617b2f3ec089d78e7f817abe9b9175520e40e346e1073,5320
- completed:
    hackage: hip-1.5.6.0@sha256:296c55622f62485422c0a593c7306af1a5abf8ba9f866dcdffc281b01eba65d7,6988
    pantry-tree:
      sha256: d79395e6ec9caf1132a7e001f6fe9b8ebada31e0e52087a4a1a971e3f295a7f4
      size: 7456
  original:
    hackage: hip-1.5.6.0
snapshots:
- completed:
    sha256: a2cbcd2f37010a64c4ef74c21fd7e55982a07b49840d2bed306f9bac9981a9c3
    size: 648420
    url: https://raw.githubusercontent.com/commercialhaskell/stackage-snapshots/master/lts/20/0.yaml
  original: lts-20.0
